schema: '2.0'
stages:
  prepare:
    cmd: python src/preprocessing.py
    deps:
    - path: data/iris.csv
      hash: md5
      md5: 4d301abed5efe50eccda350cde38e0eb
      size: 2777
    - path: src/preprocessing.py
      hash: md5
      md5: 5d2aa9a28117683d0f59b3079b6b179d
      size: 1272
    outs:
    - path: data/processed_iris.csv
      hash: md5
      md5: 5a95aae087b991a3197c8cade7479177
      size: 12137
